// !$*UTF8*$!
{
	archiveVersion = 1;
	classes = {
	};
	objectVersion = 60;
	objects = {

/* Begin PBXBuildFile section */
		2655966F2C1E89C800B66FE6 /* YogaCategoriesFeatureTests.swift in Sources */ = {isa = PBXBuildFile; fileRef = 2655966E2C1E89C800B66FE6 /* YogaCategoriesFeatureTests.swift */; };
		265596722C1FDE4F00B66FE6 /* YogaCategoryDetailFeatureTests.swift in Sources */ = {isa = PBXBuildFile; fileRef = 265596712C1FDE4F00B66FE6 /* YogaCategoryDetailFeatureTests.swift */; };
		265596742C1FE62800B66FE6 /* FavoritePosesFeatureTests.swift in Sources */ = {isa = PBXBuildFile; fileRef = 265596732C1FE62800B66FE6 /* FavoritePosesFeatureTests.swift */; };
		268188E22C1DF02600BDC40A /* ComposableArchitecture in Frameworks */ = {isa = PBXBuildFile; productRef = 268188E12C1DF02600BDC40A /* ComposableArchitecture */; };
		268188EB2C1E1A6400BDC40A /* FavoritePosesFeature.swift in Sources */ = {isa = PBXBuildFile; fileRef = 268188EA2C1E1A6400BDC40A /* FavoritePosesFeature.swift */; };
		268188EE2C1E22A800BDC40A /* AppFeature.swift in Sources */ = {isa = PBXBuildFile; fileRef = 268188ED2C1E22A800BDC40A /* AppFeature.swift */; };
		268188F02C1E22FA00BDC40A /* FavoritePosesListView.swift in Sources */ = {isa = PBXBuildFile; fileRef = 268188EF2C1E22FA00BDC40A /* FavoritePosesListView.swift */; };
		268188F22C1E265C00BDC40A /* AppView.swift in Sources */ = {isa = PBXBuildFile; fileRef = 268188F12C1E265C00BDC40A /* AppView.swift */; };
		2693036B2C1D394900B3C09D /* MyYogaPlanApp.swift in Sources */ = {isa = PBXBuildFile; fileRef = 2693036A2C1D394900B3C09D /* MyYogaPlanApp.swift */; };
		2693036D2C1D394900B3C09D /* YogaCategoriesListView.swift in Sources */ = {isa = PBXBuildFile; fileRef = 2693036C2C1D394900B3C09D /* YogaCategoriesListView.swift */; };
		2693036F2C1D394A00B3C09D /* Assets.xcassets in Resources */ = {isa = PBXBuildFile; fileRef = 2693036E2C1D394A00B3C09D /* Assets.xcassets */; };
		269303722C1D394A00B3C09D /* Preview Assets.xcassets in Resources */ = {isa = PBXBuildFile; fileRef = 269303712C1D394A00B3C09D /* Preview Assets.xcassets */; };
		2693037E2C1D39BC00B3C09D /* YogaCategory.swift in Sources */ = {isa = PBXBuildFile; fileRef = 2693037D2C1D39BC00B3C09D /* YogaCategory.swift */; };
		269303802C1D39CC00B3C09D /* YogaCategoriesFeature.swift in Sources */ = {isa = PBXBuildFile; fileRef = 2693037F2C1D39CC00B3C09D /* YogaCategoriesFeature.swift */; };
		269303852C1D3EA900B3C09D /* YogaCategoriesRemoteStore.swift in Sources */ = {isa = PBXBuildFile; fileRef = 269303842C1D3EA900B3C09D /* YogaCategoriesRemoteStore.swift */; };
		2693038C2C1D55C100B3C09D /* YogaCategoryDetailView.swift in Sources */ = {isa = PBXBuildFile; fileRef = 2693038B2C1D55C100B3C09D /* YogaCategoryDetailView.swift */; };
		269303A52C1DE48B00B3C09D /* YogaCategoryDetailFeature.swift in Sources */ = {isa = PBXBuildFile; fileRef = 269303A42C1DE48B00B3C09D /* YogaCategoryDetailFeature.swift */; };
		269303AA2C1DE5A500B3C09D /* YogaPose.swift in Sources */ = {isa = PBXBuildFile; fileRef = 269303A92C1DE5A500B3C09D /* YogaPose.swift */; };
		269303AF2C1DE6EE00B3C09D /* MyYogaCore in Frameworks */ = {isa = PBXBuildFile; productRef = 269303AE2C1DE6EE00B3C09D /* MyYogaCore */; };
/* End PBXBuildFile section */

/* Begin PBXContainerItemProxy section */
		265596672C1E899500B66FE6 /* PBXContainerItemProxy */ = {
			isa = PBXContainerItemProxy;
			containerPortal = 2693035F2C1D394900B3C09D /* Project object */;
			proxyType = 1;
			remoteGlobalIDString = 269303662C1D394900B3C09D;
			remoteInfo = MyYogaPlan;
		};
/* End PBXContainerItemProxy section */

/* Begin PBXFileReference section */
		265596632C1E899500B66FE6 /* UnitTests.xctest */ = {isa = PBXFileReference; explicitFileType = wrapper.cfbundle; includeInIndex = 0; path = UnitTests.xctest; sourceTree = BUILT_PRODUCTS_DIR; };
		2655966E2C1E89C800B66FE6 /* YogaCategoriesFeatureTests.swift */ = {isa = PBXFileReference; lastKnownFileType = sourcecode.swift; path = YogaCategoriesFeatureTests.swift; sourceTree = "<group>"; };
		265596712C1FDE4F00B66FE6 /* YogaCategoryDetailFeatureTests.swift */ = {isa = PBXFileReference; lastKnownFileType = sourcecode.swift; path = YogaCategoryDetailFeatureTests.swift; sourceTree = "<group>"; };
		265596732C1FE62800B66FE6 /* FavoritePosesFeatureTests.swift */ = {isa = PBXFileReference; lastKnownFileType = sourcecode.swift; path = FavoritePosesFeatureTests.swift; sourceTree = "<group>"; };
		268188EA2C1E1A6400BDC40A /* FavoritePosesFeature.swift */ = {isa = PBXFileReference; lastKnownFileType = sourcecode.swift; path = FavoritePosesFeature.swift; sourceTree = "<group>"; };
		268188ED2C1E22A800BDC40A /* AppFeature.swift */ = {isa = PBXFileReference; lastKnownFileType = sourcecode.swift; path = AppFeature.swift; sourceTree = "<group>"; };
		268188EF2C1E22FA00BDC40A /* FavoritePosesListView.swift */ = {isa = PBXFileReference; lastKnownFileType = sourcecode.swift; path = FavoritePosesListView.swift; sourceTree = "<group>"; };
		268188F12C1E265C00BDC40A /* AppView.swift */ = {isa = PBXFileReference; lastKnownFileType = sourcecode.swift; path = AppView.swift; sourceTree = "<group>"; };
		269303672C1D394900B3C09D /* MyYogaPlan.app */ = {isa = PBXFileReference; explicitFileType = wrapper.application; includeInIndex = 0; path = MyYogaPlan.app; sourceTree = BUILT_PRODUCTS_DIR; };
		2693036A2C1D394900B3C09D /* MyYogaPlanApp.swift */ = {isa = PBXFileReference; lastKnownFileType = sourcecode.swift; path = MyYogaPlanApp.swift; sourceTree = "<group>"; };
		2693036C2C1D394900B3C09D /* YogaCategoriesListView.swift */ = {isa = PBXFileReference; lastKnownFileType = sourcecode.swift; path = YogaCategoriesListView.swift; sourceTree = "<group>"; };
		2693036E2C1D394A00B3C09D /* Assets.xcassets */ = {isa = PBXFileReference; lastKnownFileType = folder.assetcatalog; path = Assets.xcassets; sourceTree = "<group>"; };
		269303712C1D394A00B3C09D /* Preview Assets.xcassets */ = {isa = PBXFileReference; lastKnownFileType = folder.assetcatalog; path = "Preview Assets.xcassets"; sourceTree = "<group>"; };
		2693037D2C1D39BC00B3C09D /* YogaCategory.swift */ = {isa = PBXFileReference; lastKnownFileType = sourcecode.swift; path = YogaCategory.swift; sourceTree = "<group>"; };
		2693037F2C1D39CC00B3C09D /* YogaCategoriesFeature.swift */ = {isa = PBXFileReference; lastKnownFileType = sourcecode.swift; path = YogaCategoriesFeature.swift; sourceTree = "<group>"; };
		269303842C1D3EA900B3C09D /* YogaCategoriesRemoteStore.swift */ = {isa = PBXFileReference; lastKnownFileType = sourcecode.swift; path = YogaCategoriesRemoteStore.swift; sourceTree = "<group>"; };
		2693038B2C1D55C100B3C09D /* YogaCategoryDetailView.swift */ = {isa = PBXFileReference; lastKnownFileType = sourcecode.swift; path = YogaCategoryDetailView.swift; sourceTree = "<group>"; };
		269303A42C1DE48B00B3C09D /* YogaCategoryDetailFeature.swift */ = {isa = PBXFileReference; lastKnownFileType = sourcecode.swift; path = YogaCategoryDetailFeature.swift; sourceTree = "<group>"; };
		269303A92C1DE5A500B3C09D /* YogaPose.swift */ = {isa = PBXFileReference; lastKnownFileType = sourcecode.swift; path = YogaPose.swift; sourceTree = "<group>"; };
		269303AC2C1DE66700B3C09D /* MyYogaCore */ = {isa = PBXFileReference; lastKnownFileType = wrapper; path = MyYogaCore; sourceTree = "<group>"; };
/* End PBXFileReference section */

/* Begin PBXFrameworksBuildPhase section */
		265596602C1E899500B66FE6 /* Frameworks */ = {
			isa = PBXFrameworksBuildPhase;
			buildActionMask = 2147483647;
			files = (
			);
			runOnlyForDeploymentPostprocessing = 0;
		};
		269303642C1D394900B3C09D /* Frameworks */ = {
			isa = PBXFrameworksBuildPhase;
			buildActionMask = 2147483647;
			files = (
				268188E22C1DF02600BDC40A /* ComposableArchitecture in Frameworks */,
				269303AF2C1DE6EE00B3C09D /* MyYogaCore in Frameworks */,
			);
			runOnlyForDeploymentPostprocessing = 0;
		};
/* End PBXFrameworksBuildPhase section */

/* Begin PBXGroup section */
		265596642C1E899500B66FE6 /* UnitTests */ = {
			isa = PBXGroup;
			children = (
				265596702C1FDE3700B66FE6 /* Features */,
			);
			path = UnitTests;
			sourceTree = "<group>";
		};
		265596702C1FDE3700B66FE6 /* Features */ = {
			isa = PBXGroup;
			children = (
				2655966E2C1E89C800B66FE6 /* YogaCategoriesFeatureTests.swift */,
				265596712C1FDE4F00B66FE6 /* YogaCategoryDetailFeatureTests.swift */,
				265596732C1FE62800B66FE6 /* FavoritePosesFeatureTests.swift */,
			);
			path = Features;
			sourceTree = "<group>";
		};
		268188E02C1DF02600BDC40A /* Frameworks */ = {
			isa = PBXGroup;
			children = (
			);
			name = Frameworks;
			sourceTree = "<group>";
		};
		268188E92C1E1A4F00BDC40A /* FavoritesPosesFeature */ = {
			isa = PBXGroup;
			children = (
				268188EA2C1E1A6400BDC40A /* FavoritePosesFeature.swift */,
				268188EF2C1E22FA00BDC40A /* FavoritePosesListView.swift */,
			);
			path = FavoritesPosesFeature;
			sourceTree = "<group>";
		};
		268188EC2C1E229E00BDC40A /* AppFeature */ = {
			isa = PBXGroup;
			children = (
				268188ED2C1E22A800BDC40A /* AppFeature.swift */,
				268188F12C1E265C00BDC40A /* AppView.swift */,
			);
			path = AppFeature;
			sourceTree = "<group>";
		};
		2693035E2C1D394900B3C09D = {
			isa = PBXGroup;
			children = (
				269303692C1D394900B3C09D /* MyYogaPlan */,
				265596642C1E899500B66FE6 /* UnitTests */,
				269303682C1D394900B3C09D /* Products */,
				268188E02C1DF02600BDC40A /* Frameworks */,
			);
			sourceTree = "<group>";
		};
		269303682C1D394900B3C09D /* Products */ = {
			isa = PBXGroup;
			children = (
				269303672C1D394900B3C09D /* MyYogaPlan.app */,
				265596632C1E899500B66FE6 /* UnitTests.xctest */,
			);
			name = Products;
			sourceTree = "<group>";
		};
		269303692C1D394900B3C09D /* MyYogaPlan */ = {
			isa = PBXGroup;
			children = (
				269303AC2C1DE66700B3C09D /* MyYogaCore */,
				269303A32C1DE48100B3C09D /* Features */,
				2693038F2C1D56D600B3C09D /* Models */,
				2693036A2C1D394900B3C09D /* MyYogaPlanApp.swift */,
				2693036E2C1D394A00B3C09D /* Assets.xcassets */,
				269303702C1D394A00B3C09D /* Preview Content */,
			);
			path = MyYogaPlan;
			sourceTree = "<group>";
		};
		269303702C1D394A00B3C09D /* Preview Content */ = {
			isa = PBXGroup;
			children = (
				269303712C1D394A00B3C09D /* Preview Assets.xcassets */,
			);
			path = "Preview Content";
			sourceTree = "<group>";
		};
		2693038E2C1D56CE00B3C09D /* Dependencies */ = {
			isa = PBXGroup;
			children = (
				269303842C1D3EA900B3C09D /* YogaCategoriesRemoteStore.swift */,
			);
			path = Dependencies;
			sourceTree = "<group>";
		};
		2693038F2C1D56D600B3C09D /* Models */ = {
			isa = PBXGroup;
			children = (
				2693037D2C1D39BC00B3C09D /* YogaCategory.swift */,
				269303A92C1DE5A500B3C09D /* YogaPose.swift */,
			);
			path = Models;
			sourceTree = "<group>";
		};
		269303A32C1DE48100B3C09D /* Features */ = {
			isa = PBXGroup;
			children = (
				268188EC2C1E229E00BDC40A /* AppFeature */,
				2693038E2C1D56CE00B3C09D /* Dependencies */,
				269303A82C1DE57800B3C09D /* YogaCategories */,
				269303AB2C1DE5BC00B3C09D /* YogaCategoryDetail */,
				268188E92C1E1A4F00BDC40A /* FavoritesPosesFeature */,
			);
			path = Features;
			sourceTree = "<group>";
		};
		269303A82C1DE57800B3C09D /* YogaCategories */ = {
			isa = PBXGroup;
			children = (
				2693037F2C1D39CC00B3C09D /* YogaCategoriesFeature.swift */,
				2693036C2C1D394900B3C09D /* YogaCategoriesListView.swift */,
			);
			path = YogaCategories;
			sourceTree = "<group>";
		};
		269303AB2C1DE5BC00B3C09D /* YogaCategoryDetail */ = {
			isa = PBXGroup;
			children = (
				2693038B2C1D55C100B3C09D /* YogaCategoryDetailView.swift */,
				269303A42C1DE48B00B3C09D /* YogaCategoryDetailFeature.swift */,
			);
			path = YogaCategoryDetail;
			sourceTree = "<group>";
		};
/* End PBXGroup section */

/* Begin PBXNativeTarget section */
		265596622C1E899500B66FE6 /* UnitTests */ = {
			isa = PBXNativeTarget;
			buildConfigurationList = 265596692C1E899500B66FE6 /* Build configuration list for PBXNativeTarget "UnitTests" */;
			buildPhases = (
				2655965F2C1E899500B66FE6 /* Sources */,
				265596602C1E899500B66FE6 /* Frameworks */,
				265596612C1E899500B66FE6 /* Resources */,
			);
			buildRules = (
			);
			dependencies = (
				265596682C1E899500B66FE6 /* PBXTargetDependency */,
			);
			name = UnitTests;
			productName = MyYogaPlanTests;
			productReference = 265596632C1E899500B66FE6 /* UnitTests.xctest */;
			productType = "com.apple.product-type.bundle.unit-test";
		};
		269303662C1D394900B3C09D /* MyYogaPlan */ = {
			isa = PBXNativeTarget;
			buildConfigurationList = 269303752C1D394A00B3C09D /* Build configuration list for PBXNativeTarget "MyYogaPlan" */;
			buildPhases = (
				269303632C1D394900B3C09D /* Sources */,
				269303642C1D394900B3C09D /* Frameworks */,
				269303652C1D394900B3C09D /* Resources */,
			);
			buildRules = (
			);
			dependencies = (
			);
			name = MyYogaPlan;
			packageProductDependencies = (
				269303AE2C1DE6EE00B3C09D /* MyYogaCore */,
				268188E12C1DF02600BDC40A /* ComposableArchitecture */,
			);
			productName = MyYogaPlan;
			productReference = 269303672C1D394900B3C09D /* MyYogaPlan.app */;
			productType = "com.apple.product-type.application";
		};
/* End PBXNativeTarget section */

/* Begin PBXProject section */
		2693035F2C1D394900B3C09D /* Project object */ = {
			isa = PBXProject;
			attributes = {
				BuildIndependentTargetsInParallel = 1;
				LastSwiftUpdateCheck = 1520;
				LastUpgradeCheck = 1530;
				TargetAttributes = {
					265596622C1E899500B66FE6 = {
						CreatedOnToolsVersion = 15.2;
						TestTargetID = 269303662C1D394900B3C09D;
					};
					269303662C1D394900B3C09D = {
						CreatedOnToolsVersion = 15.3;
					};
				};
			};
			buildConfigurationList = 269303622C1D394900B3C09D /* Build configuration list for PBXProject "MyYogaPlan" */;
			compatibilityVersion = "Xcode 14.0";
			developmentRegion = en;
			hasScannedForEncodings = 0;
			knownRegions = (
				en,
				Base,
			);
			mainGroup = 2693035E2C1D394900B3C09D;
			packageReferences = (
				269303AD2C1DE6EE00B3C09D /* XCLocalSwiftPackageReference "MyYogaPlan/MyYogaCore" */,
				268188DF2C1DEFC400BDC40A /* XCRemoteSwiftPackageReference "swift-composable-architecture" */,
			);
			productRefGroup = 269303682C1D394900B3C09D /* Products */;
			projectDirPath = "";
			projectRoot = "";
			targets = (
				269303662C1D394900B3C09D /* MyYogaPlan */,
				265596622C1E899500B66FE6 /* UnitTests */,
			);
		};
/* End PBXProject section */

/* Begin PBXResourcesBuildPhase section */
		265596612C1E899500B66FE6 /* Resources */ = {
			isa = PBXResourcesBuildPhase;
			buildActionMask = 2147483647;
			files = (
			);
			runOnlyForDeploymentPostprocessing = 0;
		};
		269303652C1D394900B3C09D /* Resources */ = {
			isa = PBXResourcesBuildPhase;
			buildActionMask = 2147483647;
			files = (
				269303722C1D394A00B3C09D /* Preview Assets.xcassets in Resources */,
				2693036F2C1D394A00B3C09D /* Assets.xcassets in Resources */,
			);
			runOnlyForDeploymentPostprocessing = 0;
		};
/* End PBXResourcesBuildPhase section */

/* Begin PBXSourcesBuildPhase section */
		2655965F2C1E899500B66FE6 /* Sources */ = {
			isa = PBXSourcesBuildPhase;
			buildActionMask = 2147483647;
			files = (
				265596742C1FE62800B66FE6 /* FavoritePosesFeatureTests.swift in Sources */,
				2655966F2C1E89C800B66FE6 /* YogaCategoriesFeatureTests.swift in Sources */,
				265596722C1FDE4F00B66FE6 /* YogaCategoryDetailFeatureTests.swift in Sources */,
			);
			runOnlyForDeploymentPostprocessing = 0;
		};
		269303632C1D394900B3C09D /* Sources */ = {
			isa = PBXSourcesBuildPhase;
			buildActionMask = 2147483647;
			files = (
				269303852C1D3EA900B3C09D /* YogaCategoriesRemoteStore.swift in Sources */,
				2693037E2C1D39BC00B3C09D /* YogaCategory.swift in Sources */,
				268188F22C1E265C00BDC40A /* AppView.swift in Sources */,
				268188EB2C1E1A6400BDC40A /* FavoritePosesFeature.swift in Sources */,
				2693036D2C1D394900B3C09D /* YogaCategoriesListView.swift in Sources */,
				269303A52C1DE48B00B3C09D /* YogaCategoryDetailFeature.swift in Sources */,
				268188F02C1E22FA00BDC40A /* FavoritePosesListView.swift in Sources */,
				269303AA2C1DE5A500B3C09D /* YogaPose.swift in Sources */,
				2693036B2C1D394900B3C09D /* MyYogaPlanApp.swift in Sources */,
				269303802C1D39CC00B3C09D /* YogaCategoriesFeature.swift in Sources */,
				268188EE2C1E22A800BDC40A /* AppFeature.swift in Sources */,
				2693038C2C1D55C100B3C09D /* YogaCategoryDetailView.swift in Sources */,
			);
			runOnlyForDeploymentPostprocessing = 0;
		};
/* End PBXSourcesBuildPhase section */

/* Begin PBXTargetDependency section */
		265596682C1E899500B66FE6 /* PBXTargetDependency */ = {
			isa = PBXTargetDependency;
			target = 269303662C1D394900B3C09D /* MyYogaPlan */;
			targetProxy = 265596672C1E899500B66FE6 /* PBXContainerItemProxy */;
		};
/* End PBXTargetDependency section */

/* Begin XCBuildConfiguration section */
		2655966A2C1E899500B66FE6 /* Debug */ = {
			isa = XCBuildConfiguration;
			buildSettings = {
				BUNDLE_LOADER = "$(TEST_HOST)";
				CODE_SIGN_STYLE = Automatic;
				CURRENT_PROJECT_VERSION = 1;
				DEVELOPMENT_TEAM = 435ZY68D35;
				GENERATE_INFOPLIST_FILE = YES;
				IPHONEOS_DEPLOYMENT_TARGET = 17.0;
				MARKETING_VERSION = 1.0;
				PRODUCT_BUNDLE_IDENTIFIER = coletongorecke.MyYogaPlanTests;
				PRODUCT_NAME = "$(TARGET_NAME)";
				SUPPORTED_PLATFORMS = "iphoneos iphonesimulator";
				SUPPORTS_MACCATALYST = NO;
				SUPPORTS_MAC_DESIGNED_FOR_IPHONE_IPAD = NO;
				SUPPORTS_XR_DESIGNED_FOR_IPHONE_IPAD = NO;
				SWIFT_EMIT_LOC_STRINGS = NO;
				SWIFT_VERSION = 5.0;
				TARGETED_DEVICE_FAMILY = 1;
				TEST_HOST = "$(BUILT_PRODUCTS_DIR)/MyYogaPlan.app/$(BUNDLE_EXECUTABLE_FOLDER_PATH)/MyYogaPlan";
			};
			name = Debug;
		};
		2655966B2C1E899500B66FE6 /* Release */ = {
			isa = XCBuildConfiguration;
			buildSettings = {
				BUNDLE_LOADER = "$(TEST_HOST)";
				CODE_SIGN_STYLE = Automatic;
				CURRENT_PROJECT_VERSION = 1;
				DEVELOPMENT_TEAM = 435ZY68D35;
				GENERATE_INFOPLIST_FILE = YES;
				IPHONEOS_DEPLOYMENT_TARGET = 17.0;
				MARKETING_VERSION = 1.0;
				PRODUCT_BUNDLE_IDENTIFIER = coletongorecke.MyYogaPlanTests;
				PRODUCT_NAME = "$(TARGET_NAME)";
				SUPPORTED_PLATFORMS = "iphoneos iphonesimulator";
				SUPPORTS_MACCATALYST = NO;
				SUPPORTS_MAC_DESIGNED_FOR_IPHONE_IPAD = NO;
				SUPPORTS_XR_DESIGNED_FOR_IPHONE_IPAD = NO;
				SWIFT_EMIT_LOC_STRINGS = NO;
				SWIFT_VERSION = 5.0;
				TARGETED_DEVICE_FAMILY = 1;
				TEST_HOST = "$(BUILT_PRODUCTS_DIR)/MyYogaPlan.app/$(BUNDLE_EXECUTABLE_FOLDER_PATH)/MyYogaPlan";
			};
			name = Release;
		};
		269303732C1D394A00B3C09D /* Debug */ = {
			isa = XCBuildConfiguration;
			buildSettings = {
				ALWAYS_SEARCH_USER_PATHS = NO;
				ASSETCATALOG_COMPILER_GENERATE_SWIFT_ASSET_SYMBOL_EXTENSIONS = YES;
				CLANG_ANALYZER_NONNULL = YES;
				CLANG_ANALYZER_NUMBER_OBJECT_CONVERSION = YES_AGGRESSIVE;
				CLANG_CXX_LANGUAGE_STANDARD = "gnu++20";
				CLANG_ENABLE_MODULES = YES;
				CLANG_ENABLE_OBJC_ARC = YES;
				CLANG_ENABLE_OBJC_WEAK = YES;
				CLANG_WARN_BLOCK_CAPTURE_AUTORELEASING = YES;
				CLANG_WARN_BOOL_CONVERSION = YES;
				CLANG_WARN_COMMA = YES;
				CLANG_WARN_CONSTANT_CONVERSION = YES;
				CLANG_WARN_DEPRECATED_OBJC_IMPLEMENTATIONS = YES;
				CLANG_WARN_DIRECT_OBJC_ISA_USAGE = YES_ERROR;
				CLANG_WARN_DOCUMENTATION_COMMENTS = YES;
				CLANG_WARN_EMPTY_BODY = YES;
				CLANG_WARN_ENUM_CONVERSION = YES;
				CLANG_WARN_INFINITE_RECURSION = YES;
				CLANG_WARN_INT_CONVERSION = YES;
				CLANG_WARN_NON_LITERAL_NULL_CONVERSION = YES;
				CLANG_WARN_OBJC_IMPLICIT_RETAIN_SELF = YES;
				CLANG_WARN_OBJC_LITERAL_CONVERSION = YES;
				CLANG_WARN_OBJC_ROOT_CLASS = YES_ERROR;
				CLANG_WARN_QUOTED_INCLUDE_IN_FRAMEWORK_HEADER = YES;
				CLANG_WARN_RANGE_LOOP_ANALYSIS = YES;
				CLANG_WARN_STRICT_PROTOTYPES = YES;
				CLANG_WARN_SUSPICIOUS_MOVE = YES;
				CLANG_WARN_UNGUARDED_AVAILABILITY = YES_AGGRESSIVE;
				CLANG_WARN_UNREACHABLE_CODE = YES;
				CLANG_WARN__DUPLICATE_METHOD_MATCH = YES;
				COPY_PHASE_STRIP = NO;
				DEBUG_INFORMATION_FORMAT = dwarf;
				ENABLE_STRICT_OBJC_MSGSEND = YES;
				ENABLE_TESTABILITY = YES;
				ENABLE_USER_SCRIPT_SANDBOXING = YES;
				GCC_C_LANGUAGE_STANDARD = gnu17;
				GCC_DYNAMIC_NO_PIC = NO;
				GCC_NO_COMMON_BLOCKS = YES;
				GCC_OPTIMIZATION_LEVEL = 0;
				GCC_PREPROCESSOR_DEFINITIONS = (
					"DEBUG=1",
					"$(inherited)",
				);
				GCC_WARN_64_TO_32_BIT_CONVERSION = YES;
				GCC_WARN_ABOUT_RETURN_TYPE = YES_ERROR;
				GCC_WARN_UNDECLARED_SELECTOR = YES;
				GCC_WARN_UNINITIALIZED_AUTOS = YES_AGGRESSIVE;
				GCC_WARN_UNUSED_FUNCTION = YES;
				GCC_WARN_UNUSED_VARIABLE = YES;
				IPHONEOS_DEPLOYMENT_TARGET = 17.0;
				LOCALIZATION_PREFERS_STRING_CATALOGS = YES;
				MTL_ENABLE_DEBUG_INFO = INCLUDE_SOURCE;
				MTL_FAST_MATH = YES;
				ONLY_ACTIVE_ARCH = YES;
				SDKROOT = iphoneos;
				SWIFT_ACTIVE_COMPILATION_CONDITIONS = "DEBUG $(inherited)";
				SWIFT_OPTIMIZATION_LEVEL = "-Onone";
			};
			name = Debug;
		};
		269303742C1D394A00B3C09D /* Release */ = {
			isa = XCBuildConfiguration;
			buildSettings = {
				ALWAYS_SEARCH_USER_PATHS = NO;
				ASSETCATALOG_COMPILER_GENERATE_SWIFT_ASSET_SYMBOL_EXTENSIONS = YES;
				CLANG_ANALYZER_NONNULL = YES;
				CLANG_ANALYZER_NUMBER_OBJECT_CONVERSION = YES_AGGRESSIVE;
				CLANG_CXX_LANGUAGE_STANDARD = "gnu++20";
				CLANG_ENABLE_MODULES = YES;
				CLANG_ENABLE_OBJC_ARC = YES;
				CLANG_ENABLE_OBJC_WEAK = YES;
				CLANG_WARN_BLOCK_CAPTURE_AUTORELEASING = YES;
				CLANG_WARN_BOOL_CONVERSION = YES;
				CLANG_WARN_COMMA = YES;
				CLANG_WARN_CONSTANT_CONVERSION = YES;
				CLANG_WARN_DEPRECATED_OBJC_IMPLEMENTATIONS = YES;
				CLANG_WARN_DIRECT_OBJC_ISA_USAGE = YES_ERROR;
				CLANG_WARN_DOCUMENTATION_COMMENTS = YES;
				CLANG_WARN_EMPTY_BODY = YES;
				CLANG_WARN_ENUM_CONVERSION = YES;
				CLANG_WARN_INFINITE_RECURSION = YES;
				CLANG_WARN_INT_CONVERSION = YES;
				CLANG_WARN_NON_LITERAL_NULL_CONVERSION = YES;
				CLANG_WARN_OBJC_IMPLICIT_RETAIN_SELF = YES;
				CLANG_WARN_OBJC_LITERAL_CONVERSION = YES;
				CLANG_WARN_OBJC_ROOT_CLASS = YES_ERROR;
				CLANG_WARN_QUOTED_INCLUDE_IN_FRAMEWORK_HEADER = YES;
				CLANG_WARN_RANGE_LOOP_ANALYSIS = YES;
				CLANG_WARN_STRICT_PROTOTYPES = YES;
				CLANG_WARN_SUSPICIOUS_MOVE = YES;
				CLANG_WARN_UNGUARDED_AVAILABILITY = YES_AGGRESSIVE;
				CLANG_WARN_UNREACHABLE_CODE = YES;
				CLANG_WARN__DUPLICATE_METHOD_MATCH = YES;
				COPY_PHASE_STRIP = NO;
				DEBUG_INFORMATION_FORMAT = "dwarf-with-dsym";
				ENABLE_NS_ASSERTIONS = NO;
				ENABLE_STRICT_OBJC_MSGSEND = YES;
				ENABLE_USER_SCRIPT_SANDBOXING = YES;
				GCC_C_LANGUAGE_STANDARD = gnu17;
				GCC_NO_COMMON_BLOCKS = YES;
				GCC_WARN_64_TO_32_BIT_CONVERSION = YES;
				GCC_WARN_ABOUT_RETURN_TYPE = YES_ERROR;
				GCC_WARN_UNDECLARED_SELECTOR = YES;
				GCC_WARN_UNINITIALIZED_AUTOS = YES_AGGRESSIVE;
				GCC_WARN_UNUSED_FUNCTION = YES;
				GCC_WARN_UNUSED_VARIABLE = YES;
				IPHONEOS_DEPLOYMENT_TARGET = 17.0;
				LOCALIZATION_PREFERS_STRING_CATALOGS = YES;
				MTL_ENABLE_DEBUG_INFO = NO;
				MTL_FAST_MATH = YES;
				SDKROOT = iphoneos;
				SWIFT_COMPILATION_MODE = wholemodule;
				VALIDATE_PRODUCT = YES;
			};
			name = Release;
		};
		269303762C1D394A00B3C09D /* Debug */ = {
			isa = XCBuildConfiguration;
			buildSettings = {
				ASSETCATALOG_COMPILER_APPICON_NAME = AppIcon;
				ASSETCATALOG_COMPILER_GLOBAL_ACCENT_COLOR_NAME = AccentColor;
				CODE_SIGN_STYLE = Automatic;
				CURRENT_PROJECT_VERSION = 1;
				DEVELOPMENT_ASSET_PATHS = "\"MyYogaPlan/Preview Content\"";
				DEVELOPMENT_TEAM = 435ZY68D35;
				ENABLE_PREVIEWS = YES;
				GENERATE_INFOPLIST_FILE = YES;
				INFOPLIST_KEY_UIApplicationSceneManifest_Generation = YES;
				INFOPLIST_KEY_UIApplicationSupportsIndirectInputEvents = YES;
				INFOPLIST_KEY_UILaunchScreen_Generation = YES;
				INFOPLIST_KEY_UISupportedInterfaceOrientations_iPad = "UIInterfaceOrientationPortrait UIInterfaceOrientationPortraitUpsideDown UIInterfaceOrientationLandscapeLeft UIInterfaceOrientationLandscapeRight";
				INFOPLIST_KEY_UISupportedInterfaceOrientations_iPhone = "UIInterfaceOrientationPortrait UIInterfaceOrientationLandscapeLeft UIInterfaceOrientationLandscapeRight";
				LD_RUNPATH_SEARCH_PATHS = (
					"$(inherited)",
					"@executable_path/Frameworks",
				);
				MARKETING_VERSION = 1.0;
				PRODUCT_BUNDLE_IDENTIFIER = coletongorecke.MyYogaPlan;
				PRODUCT_NAME = "$(TARGET_NAME)";
				SUPPORTED_PLATFORMS = "iphoneos iphonesimulator";
				SUPPORTS_MACCATALYST = NO;
				SUPPORTS_MAC_DESIGNED_FOR_IPHONE_IPAD = NO;
				SUPPORTS_XR_DESIGNED_FOR_IPHONE_IPAD = NO;
				SWIFT_EMIT_LOC_STRINGS = YES;
				SWIFT_VERSION = 5.0;
				TARGETED_DEVICE_FAMILY = 1;
			};
			name = Debug;
		};
		269303772C1D394A00B3C09D /* Release */ = {
			isa = XCBuildConfiguration;
			buildSettings = {
				ASSETCATALOG_COMPILER_APPICON_NAME = AppIcon;
				ASSETCATALOG_COMPILER_GLOBAL_ACCENT_COLOR_NAME = AccentColor;
				CODE_SIGN_STYLE = Automatic;
				CURRENT_PROJECT_VERSION = 1;
				DEVELOPMENT_ASSET_PATHS = "\"MyYogaPlan/Preview Content\"";
				DEVELOPMENT_TEAM = 435ZY68D35;
				ENABLE_PREVIEWS = YES;
				GENERATE_INFOPLIST_FILE = YES;
				INFOPLIST_KEY_UIApplicationSceneManifest_Generation = YES;
				INFOPLIST_KEY_UIApplicationSupportsIndirectInputEvents = YES;
				INFOPLIST_KEY_UILaunchScreen_Generation = YES;
				INFOPLIST_KEY_UISupportedInterfaceOrientations_iPad = "UIInterfaceOrientationPortrait UIInterfaceOrientationPortraitUpsideDown UIInterfaceOrientationLandscapeLeft UIInterfaceOrientationLandscapeRight";
				INFOPLIST_KEY_UISupportedInterfaceOrientations_iPhone = "UIInterfaceOrientationPortrait UIInterfaceOrientationLandscapeLeft UIInterfaceOrientationLandscapeRight";
				LD_RUNPATH_SEARCH_PATHS = (
					"$(inherited)",
					"@executable_path/Frameworks",
				);
				MARKETING_VERSION = 1.0;
				PRODUCT_BUNDLE_IDENTIFIER = coletongorecke.MyYogaPlan;
				PRODUCT_NAME = "$(TARGET_NAME)";
				SUPPORTED_PLATFORMS = "iphoneos iphonesimulator";
				SUPPORTS_MACCATALYST = NO;
				SUPPORTS_MAC_DESIGNED_FOR_IPHONE_IPAD = NO;
				SUPPORTS_XR_DESIGNED_FOR_IPHONE_IPAD = NO;
				SWIFT_EMIT_LOC_STRINGS = YES;
				SWIFT_VERSION = 5.0;
				TARGETED_DEVICE_FAMILY = 1;
			};
			name = Release;
		};
/* End XCBuildConfiguration section */

/* Begin XCConfigurationList section */
		265596692C1E899500B66FE6 /* Build configuration list for PBXNativeTarget "UnitTests" */ = {
			isa = XCConfigurationList;
			buildConfigurations = (
				2655966A2C1E899500B66FE6 /* Debug */,
				2655966B2C1E899500B66FE6 /* Release */,
			);
			defaultConfigurationIsVisible = 0;
			defaultConfigurationName = Release;
		};
		269303622C1D394900B3C09D /* Build configuration list for PBXProject "MyYogaPlan" */ = {
			isa = XCConfigurationList;
			buildConfigurations = (
				269303732C1D394A00B3C09D /* Debug */,
				269303742C1D394A00B3C09D /* Release */,
			);
			defaultConfigurationIsVisible = 0;
			defaultConfigurationName = Release;
		};
		269303752C1D394A00B3C09D /* Build configuration list for PBXNativeTarget "MyYogaPlan" */ = {
			isa = XCConfigurationList;
			buildConfigurations = (
				269303762C1D394A00B3C09D /* Debug */,
				269303772C1D394A00B3C09D /* Release */,
			);
			defaultConfigurationIsVisible = 0;
			defaultConfigurationName = Release;
		};
/* End XCConfigurationList section */

/* Begin XCLocalSwiftPackageReference section */
		269303AD2C1DE6EE00B3C09D /* XCLocalSwiftPackageReference "MyYogaPlan/MyYogaCore" */ = {
			isa = XCLocalSwiftPackageReference;
			relativePath = MyYogaPlan/MyYogaCore;
		};
/* End XCLocalSwiftPackageReference section */

/* Begin XCRemoteSwiftPackageReference section */
		268188DF2C1DEFC400BDC40A /* XCRemoteSwiftPackageReference "swift-composable-architecture" */ = {
			isa = XCRemoteSwiftPackageReference;
			repositoryURL = "git@github.com:pointfreeco/swift-composable-architecture.git";
			requirement = {
				kind = upToNextMajorVersion;
				minimumVersion = 1.11.1;
			};
		};
/* End XCRemoteSwiftPackageReference section */

/* Begin XCSwiftPackageProductDependency section */
		268188E12C1DF02600BDC40A /* ComposableArchitecture */ = {
			isa = XCSwiftPackageProductDependency;
			package = 268188DF2C1DEFC400BDC40A /* XCRemoteSwiftPackageReference "swift-composable-architecture" */;
			productName = ComposableArchitecture;
		};
		269303AE2C1DE6EE00B3C09D /* MyYogaCore */ = {
			isa = XCSwiftPackageProductDependency;
			productName = MyYogaCore;
		};
/* End XCSwiftPackageProductDependency section */
	};
	rootObject = 2693035F2C1D394900B3C09D /* Project object */;
}
